// !$*UTF8*$!
{
	archiveVersion = 1;
	classes = {
	};
	objectVersion = 48;
	objects = {

/* Begin PBXBuildFile section */
		E2CCB8AB2015D7BD00E9ED4F /* AppDelegate.m in Sources */ = {isa = PBXBuildFile; fileRef = E2CCB8AA2015D7BD00E9ED4F /* AppDelegate.m */; };
		E2CCB8B32015D7BD00E9ED4F /* Assets.xcassets in Resources */ = {isa = PBXBuildFile; fileRef = E2CCB8B22015D7BD00E9ED4F /* Assets.xcassets */; };
		E2CCB8B62015D7BD00E9ED4F /* LaunchScreen.storyboard in Resources */ = {isa = PBXBuildFile; fileRef = E2CCB8B42015D7BD00E9ED4F /* LaunchScreen.storyboard */; };
		E2CCB8B92015D7BD00E9ED4F /* main.m in Sources */ = {isa = PBXBuildFile; fileRef = E2CCB8B82015D7BD00E9ED4F /* main.m */; };
		E2CCB8C32015D7BD00E9ED4F /* XuanTingTests.m in Sources */ = {isa = PBXBuildFile; fileRef = E2CCB8C22015D7BD00E9ED4F /* XuanTingTests.m */; };
		E2CCB8CE2015D7BD00E9ED4F /* XuanTingUITests.m in Sources */ = {isa = PBXBuildFile; fileRef = E2CCB8CD2015D7BD00E9ED4F /* XuanTingUITests.m */; };
		E2CCB8DE2015DAA800E9ED4F /* RootViewController.m in Sources */ = {isa = PBXBuildFile; fileRef = E2CCB8DC2015DAA800E9ED4F /* RootViewController.m */; };
		E2CCB8DF2015DAA800E9ED4F /* RootViewController.xib in Resources */ = {isa = PBXBuildFile; fileRef = E2CCB8DD2015DAA800E9ED4F /* RootViewController.xib */; };
		E2CCB8E52016072900E9ED4F /* XTPosterCell.m in Sources */ = {isa = PBXBuildFile; fileRef = E2CCB8E32016072900E9ED4F /* XTPosterCell.m */; };
		E2CCB8E62016072900E9ED4F /* XTPosterCell.xib in Resources */ = {isa = PBXBuildFile; fileRef = E2CCB8E42016072900E9ED4F /* XTPosterCell.xib */; };
		E2CCB8EA2016074A00E9ED4F /* XTDescptionCell.m in Sources */ = {isa = PBXBuildFile; fileRef = E2CCB8E82016074900E9ED4F /* XTDescptionCell.m */; };
		E2CCB8EB2016074A00E9ED4F /* XTDescptionCell.xib in Resources */ = {isa = PBXBuildFile; fileRef = E2CCB8E92016074900E9ED4F /* XTDescptionCell.xib */; };
		E2CCB8EF2016076900E9ED4F /* XTContainerCell.m in Sources */ = {isa = PBXBuildFile; fileRef = E2CCB8ED2016076900E9ED4F /* XTContainerCell.m */; };
		E2CCB8F02016076900E9ED4F /* XTContainerCell.xib in Resources */ = {isa = PBXBuildFile; fileRef = E2CCB8EE2016076900E9ED4F /* XTContainerCell.xib */; };
		E2CCB8F32016079B00E9ED4F /* XTTableView.m in Sources */ = {isa = PBXBuildFile; fileRef = E2CCB8F22016079B00E9ED4F /* XTTableView.m */; };
		E2CCB8F6201607CB00E9ED4F /* XTSegmentView.m in Sources */ = {isa = PBXBuildFile; fileRef = E2CCB8F5201607CB00E9ED4F /* XTSegmentView.m */; };
		E2CCB8F92016083600E9ED4F /* HMSegmentedControl.m in Sources */ = {isa = PBXBuildFile; fileRef = E2CCB8F82016083600E9ED4F /* HMSegmentedControl.m */; };
		E2CCB8FF201622ED00E9ED4F /* FirstTableViewController.m in Sources */ = {isa = PBXBuildFile; fileRef = E2CCB8FE201622ED00E9ED4F /* FirstTableViewController.m */; };
		E2CCB902201622FB00E9ED4F /* SecondTableViewController.m in Sources */ = {isa = PBXBuildFile; fileRef = E2CCB901201622FB00E9ED4F /* SecondTableViewController.m */; };
		E2CCB9052016230800E9ED4F /* ThirdTableViewController.m in Sources */ = {isa = PBXBuildFile; fileRef = E2CCB9042016230800E9ED4F /* ThirdTableViewController.m */; };
		E2CCB90E20170A3C00E9ED4F /* XTTableViewDataSource.m in Sources */ = {isa = PBXBuildFile; fileRef = E2CCB90D20170A3C00E9ED4F /* XTTableViewDataSource.m */; };
		E2CCB91220170AB800E9ED4F /* PPRefreshHeaderControl.m in Sources */ = {isa = PBXBuildFile; fileRef = E2CCB91020170AB800E9ED4F /* PPRefreshHeaderControl.m */; };
		E2CCB91520170AF200E9ED4F /* PPRefreshFooterControl.m in Sources */ = {isa = PBXBuildFile; fileRef = E2CCB91420170AF200E9ED4F /* PPRefreshFooterControl.m */; };
		E2CCB91A20170E7800E9ED4F /* XTHomeTableViewDataSource.m in Sources */ = {isa = PBXBuildFile; fileRef = E2CCB91920170E7800E9ED4F /* XTHomeTableViewDataSource.m */; };
		E2CCB91D2017131600E9ED4F /* XTScrollView.m in Sources */ = {isa = PBXBuildFile; fileRef = E2CCB91C2017131600E9ED4F /* XTScrollView.m */; };
		E2CCB9202017135900E9ED4F /* XTTabPageView.m in Sources */ = {isa = PBXBuildFile; fileRef = E2CCB91F2017135900E9ED4F /* XTTabPageView.m */; };
		E2CCB923201719B500E9ED4F /* XTHomePageView.m in Sources */ = {isa = PBXBuildFile; fileRef = E2CCB922201719B500E9ED4F /* XTHomePageView.m */; };
		E2CCB9262017231200E9ED4F /* XTHomePageViewDataSource.m in Sources */ = {isa = PBXBuildFile; fileRef = E2CCB9252017231200E9ED4F /* XTHomePageViewDataSource.m */; };
		E2CCB92B2017259C00E9ED4F /* PPLoadingView.xib in Resources */ = {isa = PBXBuildFile; fileRef = E2CCB9292017259C00E9ED4F /* PPLoadingView.xib */; };
		E2CCB92C2017259C00E9ED4F /* PPLoadingView.m in Sources */ = {isa = PBXBuildFile; fileRef = E2CCB92A2017259C00E9ED4F /* PPLoadingView.m */; };
		E88D9848F4B882B1D0ECEB40 /* libPods-XuanTing.a in Frameworks */ = {isa = PBXBuildFile; fileRef = 149CEA520EE2C9A777456056 /* libPods-XuanTing.a */; };
/* End PBXBuildFile section */

/* Begin PBXContainerItemProxy section */
		E2CCB8BF2015D7BD00E9ED4F /* PBXContainerItemProxy */ = {
			isa = PBXContainerItemProxy;
			containerPortal = E2CCB89E2015D7BD00E9ED4F /* Project object */;
			proxyType = 1;
			remoteGlobalIDString = E2CCB8A52015D7BD00E9ED4F;
			remoteInfo = XuanTing;
		};
		E2CCB8CA2015D7BD00E9ED4F /* PBXContainerItemProxy */ = {
			isa = PBXContainerItemProxy;
			containerPortal = E2CCB89E2015D7BD00E9ED4F /* Project object */;
			proxyType = 1;
			remoteGlobalIDString = E2CCB8A52015D7BD00E9ED4F;
			remoteInfo = XuanTing;
		};
/* End PBXContainerItemProxy section */

/* Begin PBXFileReference section */
		149CEA520EE2C9A777456056 /* libPods-XuanTing.a */ = {isa = PBXFileReference; explicitFileType = archive.ar; includeInIndex = 0; path = "libPods-XuanTing.a"; sourceTree = BUILT_PRODUCTS_DIR; };
		4BE1BE5296B28FFCCA4F595F /* Pods-XuanTing.debug.xcconfig */ = {isa = PBXFileReference; includeInIndex = 1; lastKnownFileType = text.xcconfig; name = "Pods-XuanTing.debug.xcconfig"; path = "Pods/Target Support Files/Pods-XuanTing/Pods-XuanTing.debug.xcconfig"; sourceTree = "<group>"; };
		61D832FD4294CAA736D2D0A0 /* Pods-XuanTing.release.xcconfig */ = {isa = PBXFileReference; includeInIndex = 1; lastKnownFileType = text.xcconfig; name = "Pods-XuanTing.release.xcconfig"; path = "Pods/Target Support Files/Pods-XuanTing/Pods-XuanTing.release.xcconfig"; sourceTree = "<group>"; };
		E2CCB8A62015D7BD00E9ED4F /* XuanTing.app */ = {isa = PBXFileReference; explicitFileType = wrapper.application; includeInIndex = 0; path = XuanTing.app; sourceTree = BUILT_PRODUCTS_DIR; };
		E2CCB8A92015D7BD00E9ED4F /* AppDelegate.h */ = {isa = PBXFileReference; lastKnownFileType = sourcecode.c.h; path = AppDelegate.h; sourceTree = "<group>"; };
		E2CCB8AA2015D7BD00E9ED4F /* AppDelegate.m */ = {isa = PBXFileReference; lastKnownFileType = sourcecode.c.objc; path = AppDelegate.m; sourceTree = "<group>"; };
		E2CCB8B22015D7BD00E9ED4F /* Assets.xcassets */ = {isa = PBXFileReference; lastKnownFileType = folder.assetcatalog; path = Assets.xcassets; sourceTree = "<group>"; };
		E2CCB8B52015D7BD00E9ED4F /* Base */ = {isa = PBXFileReference; lastKnownFileType = file.storyboard; name = Base; path = Base.lproj/LaunchScreen.storyboard; sourceTree = "<group>"; };
		E2CCB8B72015D7BD00E9ED4F /* Info.plist */ = {isa = PBXFileReference; lastKnownFileType = text.plist.xml; path = Info.plist; sourceTree = "<group>"; };
		E2CCB8B82015D7BD00E9ED4F /* main.m */ = {isa = PBXFileReference; lastKnownFileType = sourcecode.c.objc; path = main.m; sourceTree = "<group>"; };
		E2CCB8BE2015D7BD00E9ED4F /* XuanTingTests.xctest */ = {isa = PBXFileReference; explicitFileType = wrapper.cfbundle; includeInIndex = 0; path = XuanTingTests.xctest; sourceTree = BUILT_PRODUCTS_DIR; };
		E2CCB8C22015D7BD00E9ED4F /* XuanTingTests.m */ = {isa = PBXFileReference; lastKnownFileType = sourcecode.c.objc; path = XuanTingTests.m; sourceTree = "<group>"; };
		E2CCB8C42015D7BD00E9ED4F /* Info.plist */ = {isa = PBXFileReference; lastKnownFileType = text.plist.xml; path = Info.plist; sourceTree = "<group>"; };
		E2CCB8C92015D7BD00E9ED4F /* XuanTingUITests.xctest */ = {isa = PBXFileReference; explicitFileType = wrapper.cfbundle; includeInIndex = 0; path = XuanTingUITests.xctest; sourceTree = BUILT_PRODUCTS_DIR; };
		E2CCB8CD2015D7BD00E9ED4F /* XuanTingUITests.m */ = {isa = PBXFileReference; lastKnownFileType = sourcecode.c.objc; path = XuanTingUITests.m; sourceTree = "<group>"; };
		E2CCB8CF2015D7BD00E9ED4F /* Info.plist */ = {isa = PBXFileReference; lastKnownFileType = text.plist.xml; path = Info.plist; sourceTree = "<group>"; };
		E2CCB8DB2015DAA800E9ED4F /* RootViewController.h */ = {isa = PBXFileReference; lastKnownFileType = sourcecode.c.h; path = RootViewController.h; sourceTree = "<group>"; };
		E2CCB8DC2015DAA800E9ED4F /* RootViewController.m */ = {isa = PBXFileReference; lastKnownFileType = sourcecode.c.objc; path = RootViewController.m; sourceTree = "<group>"; };
		E2CCB8DD2015DAA800E9ED4F /* RootViewController.xib */ = {isa = PBXFileReference; lastKnownFileType = file.xib; path = RootViewController.xib; sourceTree = "<group>"; };
		E2CCB8E22016072900E9ED4F /* XTPosterCell.h */ = {isa = PBXFileReference; lastKnownFileType = sourcecode.c.h; path = XTPosterCell.h; sourceTree = "<group>"; };
		E2CCB8E32016072900E9ED4F /* XTPosterCell.m */ = {isa = PBXFileReference; lastKnownFileType = sourcecode.c.objc; path = XTPosterCell.m; sourceTree = "<group>"; };
		E2CCB8E42016072900E9ED4F /* XTPosterCell.xib */ = {isa = PBXFileReference; lastKnownFileType = file.xib; path = XTPosterCell.xib; sourceTree = "<group>"; };
		E2CCB8E72016074900E9ED4F /* XTDescptionCell.h */ = {isa = PBXFileReference; lastKnownFileType = sourcecode.c.h; path = XTDescptionCell.h; sourceTree = "<group>"; };
		E2CCB8E82016074900E9ED4F /* XTDescptionCell.m */ = {isa = PBXFileReference; lastKnownFileType = sourcecode.c.objc; path = XTDescptionCell.m; sourceTree = "<group>"; };
		E2CCB8E92016074900E9ED4F /* XTDescptionCell.xib */ = {isa = PBXFileReference; lastKnownFileType = file.xib; path = XTDescptionCell.xib; sourceTree = "<group>"; };
		E2CCB8EC2016076900E9ED4F /* XTContainerCell.h */ = {isa = PBXFileReference; lastKnownFileType = sourcecode.c.h; path = XTContainerCell.h; sourceTree = "<group>"; };
		E2CCB8ED2016076900E9ED4F /* XTContainerCell.m */ = {isa = PBXFileReference; lastKnownFileType = sourcecode.c.objc; path = XTContainerCell.m; sourceTree = "<group>"; };
		E2CCB8EE2016076900E9ED4F /* XTContainerCell.xib */ = {isa = PBXFileReference; lastKnownFileType = file.xib; path = XTContainerCell.xib; sourceTree = "<group>"; };
		E2CCB8F12016079B00E9ED4F /* XTTableView.h */ = {isa = PBXFileReference; lastKnownFileType = sourcecode.c.h; path = XTTableView.h; sourceTree = "<group>"; };
		E2CCB8F22016079B00E9ED4F /* XTTableView.m */ = {isa = PBXFileReference; lastKnownFileType = sourcecode.c.objc; path = XTTableView.m; sourceTree = "<group>"; };
		E2CCB8F4201607CB00E9ED4F /* XTSegmentView.h */ = {isa = PBXFileReference; lastKnownFileType = sourcecode.c.h; path = XTSegmentView.h; sourceTree = "<group>"; };
		E2CCB8F5201607CB00E9ED4F /* XTSegmentView.m */ = {isa = PBXFileReference; lastKnownFileType = sourcecode.c.objc; path = XTSegmentView.m; sourceTree = "<group>"; };
		E2CCB8F72016083600E9ED4F /* HMSegmentedControl.h */ = {isa = PBXFileReference; fileEncoding = 4; lastKnownFileType = sourcecode.c.h; path = HMSegmentedControl.h; sourceTree = "<group>"; };
		E2CCB8F82016083600E9ED4F /* HMSegmentedControl.m */ = {isa = PBXFileReference; fileEncoding = 4; lastKnownFileType = sourcecode.c.objc; path = HMSegmentedControl.m; sourceTree = "<group>"; };
		E2CCB8FD201622ED00E9ED4F /* FirstTableViewController.h */ = {isa = PBXFileReference; lastKnownFileType = sourcecode.c.h; path = FirstTableViewController.h; sourceTree = "<group>"; };
		E2CCB8FE201622ED00E9ED4F /* FirstTableViewController.m */ = {isa = PBXFileReference; lastKnownFileType = sourcecode.c.objc; path = FirstTableViewController.m; sourceTree = "<group>"; };
		E2CCB900201622FB00E9ED4F /* SecondTableViewController.h */ = {isa = PBXFileReference; lastKnownFileType = sourcecode.c.h; path = SecondTableViewController.h; sourceTree = "<group>"; };
		E2CCB901201622FB00E9ED4F /* SecondTableViewController.m */ = {isa = PBXFileReference; lastKnownFileType = sourcecode.c.objc; path = SecondTableViewController.m; sourceTree = "<group>"; };
		E2CCB9032016230800E9ED4F /* ThirdTableViewController.h */ = {isa = PBXFileReference; lastKnownFileType = sourcecode.c.h; path = ThirdTableViewController.h; sourceTree = "<group>"; };
		E2CCB9042016230800E9ED4F /* ThirdTableViewController.m */ = {isa = PBXFileReference; lastKnownFileType = sourcecode.c.objc; path = ThirdTableViewController.m; sourceTree = "<group>"; };
		E2CCB9062016D29000E9ED4F /* Help.h */ = {isa = PBXFileReference; lastKnownFileType = sourcecode.c.h; name = Help.h; path = XuanTing/Help.h; sourceTree = SOURCE_ROOT; };
		E2CCB90C20170A3C00E9ED4F /* XTTableViewDataSource.h */ = {isa = PBXFileReference; lastKnownFileType = sourcecode.c.h; path = XTTableViewDataSource.h; sourceTree = "<group>"; };
		E2CCB90D20170A3C00E9ED4F /* XTTableViewDataSource.m */ = {isa = PBXFileReference; lastKnownFileType = sourcecode.c.objc; path = XTTableViewDataSource.m; sourceTree = "<group>"; };
		E2CCB91020170AB800E9ED4F /* PPRefreshHeaderControl.m */ = {isa = PBXFileReference; fileEncoding = 4; lastKnownFileType = sourcecode.c.objc; path = PPRefreshHeaderControl.m; sourceTree = "<group>"; };
		E2CCB91120170AB800E9ED4F /* PPRefreshHeaderControl.h */ = {isa = PBXFileReference; fileEncoding = 4; lastKnownFileType = sourcecode.c.h; path = PPRefreshHeaderControl.h; sourceTree = "<group>"; };
		E2CCB91320170AF200E9ED4F /* PPRefreshFooterControl.h */ = {isa = PBXFileReference; fileEncoding = 4; lastKnownFileType = sourcecode.c.h; path = PPRefreshFooterControl.h; sourceTree = "<group>"; };
		E2CCB91420170AF200E9ED4F /* PPRefreshFooterControl.m */ = {isa = PBXFileReference; fileEncoding = 4; lastKnownFileType = sourcecode.c.objc; path = PPRefreshFooterControl.m; sourceTree = "<group>"; };
		E2CCB91820170E7800E9ED4F /* XTHomeTableViewDataSource.h */ = {isa = PBXFileReference; lastKnownFileType = sourcecode.c.h; path = XTHomeTableViewDataSource.h; sourceTree = "<group>"; };
		E2CCB91920170E7800E9ED4F /* XTHomeTableViewDataSource.m */ = {isa = PBXFileReference; lastKnownFileType = sourcecode.c.objc; path = XTHomeTableViewDataSource.m; sourceTree = "<group>"; };
		E2CCB91B2017131600E9ED4F /* XTScrollView.h */ = {isa = PBXFileReference; lastKnownFileType = sourcecode.c.h; path = XTScrollView.h; sourceTree = "<group>"; };
		E2CCB91C2017131600E9ED4F /* XTScrollView.m */ = {isa = PBXFileReference; lastKnownFileType = sourcecode.c.objc; path = XTScrollView.m; sourceTree = "<group>"; };
		E2CCB91E2017135900E9ED4F /* XTTabPageView.h */ = {isa = PBXFileReference; lastKnownFileType = sourcecode.c.h; path = XTTabPageView.h; sourceTree = "<group>"; };
		E2CCB91F2017135900E9ED4F /* XTTabPageView.m */ = {isa = PBXFileReference; lastKnownFileType = sourcecode.c.objc; path = XTTabPageView.m; sourceTree = "<group>"; };
		E2CCB921201719B500E9ED4F /* XTHomePageView.h */ = {isa = PBXFileReference; lastKnownFileType = sourcecode.c.h; path = XTHomePageView.h; sourceTree = "<group>"; };
		E2CCB922201719B500E9ED4F /* XTHomePageView.m */ = {isa = PBXFileReference; lastKnownFileType = sourcecode.c.objc; path = XTHomePageView.m; sourceTree = "<group>"; };
		E2CCB9242017231200E9ED4F /* XTHomePageViewDataSource.h */ = {isa = PBXFileReference; lastKnownFileType = sourcecode.c.h; path = XTHomePageViewDataSource.h; sourceTree = "<group>"; };
		E2CCB9252017231200E9ED4F /* XTHomePageViewDataSource.m */ = {isa = PBXFileReference; lastKnownFileType = sourcecode.c.objc; path = XTHomePageViewDataSource.m; sourceTree = "<group>"; };
		E2CCB9282017259C00E9ED4F /* PPLoadingView.h */ = {isa = PBXFileReference; fileEncoding = 4; lastKnownFileType = sourcecode.c.h; path = PPLoadingView.h; sourceTree = "<group>"; };
		E2CCB9292017259C00E9ED4F /* PPLoadingView.xib */ = {isa = PBXFileReference; fileEncoding = 4; lastKnownFileType = file.xib; path = PPLoadingView.xib; sourceTree = "<group>"; };
		E2CCB92A2017259C00E9ED4F /* PPLoadingView.m */ = {isa = PBXFileReference; fileEncoding = 4; lastKnownFileType = sourcecode.c.objc; path = PPLoadingView.m; sourceTree = "<group>"; };
/* End PBXFileReference section */

/* Begin PBXFrameworksBuildPhase section */
		E2CCB8A32015D7BD00E9ED4F /* Frameworks */ = {
			isa = PBXFrameworksBuildPhase;
			buildActionMask = 2147483647;
			files = (
				E88D9848F4B882B1D0ECEB40 /* libPods-XuanTing.a in Frameworks */,
			);
			runOnlyForDeploymentPostprocessing = 0;
		};
		E2CCB8BB2015D7BD00E9ED4F /* Frameworks */ = {
			isa = PBXFrameworksBuildPhase;
			buildActionMask = 2147483647;
			files = (
			);
			runOnlyForDeploymentPostprocessing = 0;
		};
		E2CCB8C62015D7BD00E9ED4F /* Frameworks */ = {
			isa = PBXFrameworksBuildPhase;
			buildActionMask = 2147483647;
			files = (
			);
			runOnlyForDeploymentPostprocessing = 0;
		};
/* End PBXFrameworksBuildPhase section */

/* Begin PBXGroup section */
		559C39BA4CB4DA4D9283BFDF /* Frameworks */ = {
			isa = PBXGroup;
			children = (
				149CEA520EE2C9A777456056 /* libPods-XuanTing.a */,
			);
			name = Frameworks;
			sourceTree = "<group>";
		};
		57C6F208E1EEC5EDE442D6FF /* Pods */ = {
			isa = PBXGroup;
			children = (
				4BE1BE5296B28FFCCA4F595F /* Pods-XuanTing.debug.xcconfig */,
				61D832FD4294CAA736D2D0A0 /* Pods-XuanTing.release.xcconfig */,
			);
			name = Pods;
			sourceTree = "<group>";
		};
		E2CCB89D2015D7BD00E9ED4F = {
			isa = PBXGroup;
			children = (
				E2CCB8A82015D7BD00E9ED4F /* XuanTing */,
				E2CCB8C12015D7BD00E9ED4F /* XuanTingTests */,
				E2CCB8CC2015D7BD00E9ED4F /* XuanTingUITests */,
				E2CCB8A72015D7BD00E9ED4F /* Products */,
				57C6F208E1EEC5EDE442D6FF /* Pods */,
				559C39BA4CB4DA4D9283BFDF /* Frameworks */,
			);
			sourceTree = "<group>";
		};
		E2CCB8A72015D7BD00E9ED4F /* Products */ = {
			isa = PBXGroup;
			children = (
				E2CCB8A62015D7BD00E9ED4F /* XuanTing.app */,
				E2CCB8BE2015D7BD00E9ED4F /* XuanTingTests.xctest */,
				E2CCB8C92015D7BD00E9ED4F /* XuanTingUITests.xctest */,
			);
			name = Products;
			sourceTree = "<group>";
		};
		E2CCB8A82015D7BD00E9ED4F /* XuanTing */ = {
			isa = PBXGroup;
			children = (
				E2CCB9272017255D00E9ED4F /* Loading */,
				E2CCB91720170E2900E9ED4F /* Home */,
				E2CCB91620170E1300E9ED4F /* DataSource */,
				E2CCB90F20170A9900E9ED4F /* RefreshControl */,
				E2CCB8E1201606F200E9ED4F /* Cell */,
				E2CCB8E02016066E00E9ED4F /* View */,
				E2CCB8A92015D7BD00E9ED4F /* AppDelegate.h */,
				E2CCB8AA2015D7BD00E9ED4F /* AppDelegate.m */,
				E2CCB8FD201622ED00E9ED4F /* FirstTableViewController.h */,
				E2CCB8FE201622ED00E9ED4F /* FirstTableViewController.m */,
				E2CCB900201622FB00E9ED4F /* SecondTableViewController.h */,
				E2CCB901201622FB00E9ED4F /* SecondTableViewController.m */,
				E2CCB9032016230800E9ED4F /* ThirdTableViewController.h */,
				E2CCB9042016230800E9ED4F /* ThirdTableViewController.m */,
				E2CCB8B22015D7BD00E9ED4F /* Assets.xcassets */,
				E2CCB8B42015D7BD00E9ED4F /* LaunchScreen.storyboard */,
				E2CCB8B72015D7BD00E9ED4F /* Info.plist */,
				E2CCB8B82015D7BD00E9ED4F /* main.m */,
			);
			path = XuanTing;
			sourceTree = "<group>";
		};
		E2CCB8C12015D7BD00E9ED4F /* XuanTingTests */ = {
			isa = PBXGroup;
			children = (
				E2CCB8C22015D7BD00E9ED4F /* XuanTingTests.m */,
				E2CCB8C42015D7BD00E9ED4F /* Info.plist */,
			);
			path = XuanTingTests;
			sourceTree = "<group>";
		};
		E2CCB8CC2015D7BD00E9ED4F /* XuanTingUITests */ = {
			isa = PBXGroup;
			children = (
				E2CCB8CD2015D7BD00E9ED4F /* XuanTingUITests.m */,
				E2CCB8CF2015D7BD00E9ED4F /* Info.plist */,
			);
			path = XuanTingUITests;
			sourceTree = "<group>";
		};
		E2CCB8E02016066E00E9ED4F /* View */ = {
			isa = PBXGroup;
			children = (
				E2CCB8F12016079B00E9ED4F /* XTTableView.h */,
				E2CCB8F22016079B00E9ED4F /* XTTableView.m */,
				E2CCB8F4201607CB00E9ED4F /* XTSegmentView.h */,
				E2CCB8F5201607CB00E9ED4F /* XTSegmentView.m */,
				E2CCB91B2017131600E9ED4F /* XTScrollView.h */,
				E2CCB91C2017131600E9ED4F /* XTScrollView.m */,
				E2CCB91E2017135900E9ED4F /* XTTabPageView.h */,
				E2CCB91F2017135900E9ED4F /* XTTabPageView.m */,
				E2CCB921201719B500E9ED4F /* XTHomePageView.h */,
				E2CCB922201719B500E9ED4F /* XTHomePageView.m */,
			);
			path = View;
			sourceTree = "<group>";
		};
		E2CCB8E1201606F200E9ED4F /* Cell */ = {
			isa = PBXGroup;
			children = (
				E2CCB8F72016083600E9ED4F /* HMSegmentedControl.h */,
				E2CCB8F82016083600E9ED4F /* HMSegmentedControl.m */,
				E2CCB8E22016072900E9ED4F /* XTPosterCell.h */,
				E2CCB8E32016072900E9ED4F /* XTPosterCell.m */,
				E2CCB8E42016072900E9ED4F /* XTPosterCell.xib */,
				E2CCB8E72016074900E9ED4F /* XTDescptionCell.h */,
				E2CCB8E82016074900E9ED4F /* XTDescptionCell.m */,
				E2CCB8E92016074900E9ED4F /* XTDescptionCell.xib */,
				E2CCB8EC2016076900E9ED4F /* XTContainerCell.h */,
				E2CCB8ED2016076900E9ED4F /* XTContainerCell.m */,
				E2CCB8EE2016076900E9ED4F /* XTContainerCell.xib */,
				E2CCB9062016D29000E9ED4F /* Help.h */,
			);
			path = Cell;
			sourceTree = "<group>";
		};
		E2CCB90F20170A9900E9ED4F /* RefreshControl */ = {
			isa = PBXGroup;
			children = (
				E2CCB91320170AF200E9ED4F /* PPRefreshFooterControl.h */,
				E2CCB91420170AF200E9ED4F /* PPRefreshFooterControl.m */,
				E2CCB91120170AB800E9ED4F /* PPRefreshHeaderControl.h */,
				E2CCB91020170AB800E9ED4F /* PPRefreshHeaderControl.m */,
			);
			path = RefreshControl;
			sourceTree = "<group>";
		};
		E2CCB91620170E1300E9ED4F /* DataSource */ = {
			isa = PBXGroup;
			children = (
				E2CCB90C20170A3C00E9ED4F /* XTTableViewDataSource.h */,
				E2CCB90D20170A3C00E9ED4F /* XTTableViewDataSource.m */,
			);
			path = DataSource;
			sourceTree = "<group>";
		};
		E2CCB91720170E2900E9ED4F /* Home */ = {
			isa = PBXGroup;
			children = (
				E2CCB8DB2015DAA800E9ED4F /* RootViewController.h */,
				E2CCB8DC2015DAA800E9ED4F /* RootViewController.m */,
				E2CCB8DD2015DAA800E9ED4F /* RootViewController.xib */,
				E2CCB91820170E7800E9ED4F /* XTHomeTableViewDataSource.h */,
				E2CCB91920170E7800E9ED4F /* XTHomeTableViewDataSource.m */,
				E2CCB9242017231200E9ED4F /* XTHomePageViewDataSource.h */,
				E2CCB9252017231200E9ED4F /* XTHomePageViewDataSource.m */,
			);
			path = Home;
			sourceTree = "<group>";
		};
		E2CCB9272017255D00E9ED4F /* Loading */ = {
			isa = PBXGroup;
			children = (
				E2CCB9282017259C00E9ED4F /* PPLoadingView.h */,
				E2CCB92A2017259C00E9ED4F /* PPLoadingView.m */,
				E2CCB9292017259C00E9ED4F /* PPLoadingView.xib */,
			);
			path = Loading;
			sourceTree = "<group>";
		};
/* End PBXGroup section */

/* Begin PBXNativeTarget section */
		E2CCB8A52015D7BD00E9ED4F /* XuanTing */ = {
			isa = PBXNativeTarget;
			buildConfigurationList = E2CCB8D22015D7BD00E9ED4F /* Build configuration list for PBXNativeTarget "XuanTing" */;
			buildPhases = (
				3E75D9B54EF4203E9F4BA52A /* [CP] Check Pods Manifest.lock */,
				E2CCB8A22015D7BD00E9ED4F /* Sources */,
				E2CCB8A32015D7BD00E9ED4F /* Frameworks */,
				E2CCB8A42015D7BD00E9ED4F /* Resources */,
				844DF948E389CE23EC32A72A /* [CP] Embed Pods Frameworks */,
				EC17485ADB37126D1C5AF4BB /* [CP] Copy Pods Resources */,
			);
			buildRules = (
			);
			dependencies = (
			);
			name = XuanTing;
			productName = XuanTing;
			productReference = E2CCB8A62015D7BD00E9ED4F /* XuanTing.app */;
			productType = "com.apple.product-type.application";
		};
		E2CCB8BD2015D7BD00E9ED4F /* XuanTingTests */ = {
			isa = PBXNativeTarget;
			buildConfigurationList = E2CCB8D52015D7BD00E9ED4F /* Build configuration list for PBXNativeTarget "XuanTingTests" */;
			buildPhases = (
				E2CCB8BA2015D7BD00E9ED4F /* Sources */,
				E2CCB8BB2015D7BD00E9ED4F /* Frameworks */,
				E2CCB8BC2015D7BD00E9ED4F /* Resources */,
			);
			buildRules = (
			);
			dependencies = (
				E2CCB8C02015D7BD00E9ED4F /* PBXTargetDependency */,
			);
			name = XuanTingTests;
			productName = XuanTingTests;
			productReference = E2CCB8BE2015D7BD00E9ED4F /* XuanTingTests.xctest */;
			productType = "com.apple.product-type.bundle.unit-test";
		};
		E2CCB8C82015D7BD00E9ED4F /* XuanTingUITests */ = {
			isa = PBXNativeTarget;
			buildConfigurationList = E2CCB8D82015D7BD00E9ED4F /* Build configuration list for PBXNativeTarget "XuanTingUITests" */;
			buildPhases = (
				E2CCB8C52015D7BD00E9ED4F /* Sources */,
				E2CCB8C62015D7BD00E9ED4F /* Frameworks */,
				E2CCB8C72015D7BD00E9ED4F /* Resources */,
			);
			buildRules = (
			);
			dependencies = (
				E2CCB8CB2015D7BD00E9ED4F /* PBXTargetDependency */,
			);
			name = XuanTingUITests;
			productName = XuanTingUITests;
			productReference = E2CCB8C92015D7BD00E9ED4F /* XuanTingUITests.xctest */;
			productType = "com.apple.product-type.bundle.ui-testing";
		};
/* End PBXNativeTarget section */

/* Begin PBXProject section */
		E2CCB89E2015D7BD00E9ED4F /* Project object */ = {
			isa = PBXProject;
			attributes = {
				LastUpgradeCheck = 0920;
				ORGANIZATIONNAME = test;
				TargetAttributes = {
					E2CCB8A52015D7BD00E9ED4F = {
						CreatedOnToolsVersion = 9.2;
						ProvisioningStyle = Automatic;
					};
					E2CCB8BD2015D7BD00E9ED4F = {
						CreatedOnToolsVersion = 9.2;
						ProvisioningStyle = Automatic;
						TestTargetID = E2CCB8A52015D7BD00E9ED4F;
					};
					E2CCB8C82015D7BD00E9ED4F = {
						CreatedOnToolsVersion = 9.2;
						ProvisioningStyle = Automatic;
						TestTargetID = E2CCB8A52015D7BD00E9ED4F;
					};
				};
			};
			buildConfigurationList = E2CCB8A12015D7BD00E9ED4F /* Build configuration list for PBXProject "XuanTing" */;
			compatibilityVersion = "Xcode 8.0";
			developmentRegion = en;
			hasScannedForEncodings = 0;
			knownRegions = (
				en,
				Base,
			);
			mainGroup = E2CCB89D2015D7BD00E9ED4F;
			productRefGroup = E2CCB8A72015D7BD00E9ED4F /* Products */;
			projectDirPath = "";
			projectRoot = "";
			targets = (
				E2CCB8A52015D7BD00E9ED4F /* XuanTing */,
				E2CCB8BD2015D7BD00E9ED4F /* XuanTingTests */,
				E2CCB8C82015D7BD00E9ED4F /* XuanTingUITests */,
			);
		};
/* End PBXProject section */

/* Begin PBXResourcesBuildPhase section */
		E2CCB8A42015D7BD00E9ED4F /* Resources */ = {
			isa = PBXResourcesBuildPhase;
			buildActionMask = 2147483647;
			files = (
				E2CCB8B62015D7BD00E9ED4F /* LaunchScreen.storyboard in Resources */,
				E2CCB8B32015D7BD00E9ED4F /* Assets.xcassets in Resources */,
				E2CCB8EB2016074A00E9ED4F /* XTDescptionCell.xib in Resources */,
				E2CCB8F02016076900E9ED4F /* XTContainerCell.xib in Resources */,
				E2CCB92B2017259C00E9ED4F /* PPLoadingView.xib in Resources */,
				E2CCB8E62016072900E9ED4F /* XTPosterCell.xib in Resources */,
				E2CCB8DF2015DAA800E9ED4F /* RootViewController.xib in Resources */,
			);
			runOnlyForDeploymentPostprocessing = 0;
		};
		E2CCB8BC2015D7BD00E9ED4F /* Resources */ = {
			isa = PBXResourcesBuildPhase;
			buildActionMask = 2147483647;
			files = (
			);
			runOnlyForDeploymentPostprocessing = 0;
		};
		E2CCB8C72015D7BD00E9ED4F /* Resources */ = {
			isa = PBXResourcesBuildPhase;
			buildActionMask = 2147483647;
			files = (
			);
			runOnlyForDeploymentPostprocessing = 0;
		};
/* End PBXResourcesBuildPhase section */

/* Begin PBXShellScriptBuildPhase section */
		3E75D9B54EF4203E9F4BA52A /* [CP] Check Pods Manifest.lock */ = {
			isa = PBXShellScriptBuildPhase;
			buildActionMask = 2147483647;
			files = (
			);
			inputPaths = (
				"${PODS_PODFILE_DIR_PATH}/Podfile.lock",
				"${PODS_ROOT}/Manifest.lock",
			);
			name = "[CP] Check Pods Manifest.lock";
			outputPaths = (
				"$(DERIVED_FILE_DIR)/Pods-XuanTing-checkManifestLockResult.txt",
			);
			runOnlyForDeploymentPostprocessing = 0;
			shellPath = /bin/sh;
			shellScript = "diff \"${PODS_PODFILE_DIR_PATH}/Podfile.lock\" \"${PODS_ROOT}/Manifest.lock\" > /dev/null\nif [ $? != 0 ] ; then\n    # print error to STDERR\n    echo \"error: The sandbox is not in sync with the Podfile.lock. Run 'pod install' or update your CocoaPods installation.\" >&2\n    exit 1\nfi\n# This output is used by Xcode 'outputs' to avoid re-running this script phase.\necho \"SUCCESS\" > \"${SCRIPT_OUTPUT_FILE_0}\"\n";
			showEnvVarsInLog = 0;
		};
		844DF948E389CE23EC32A72A /* [CP] Embed Pods Frameworks */ = {
			isa = PBXShellScriptBuildPhase;
			buildActionMask = 2147483647;
			files = (
			);
			inputPaths = (
			);
			name = "[CP] Embed Pods Frameworks";
			outputPaths = (
			);
			runOnlyForDeploymentPostprocessing = 0;
			shellPath = /bin/sh;
			shellScript = "\"${SRCROOT}/Pods/Target Support Files/Pods-XuanTing/Pods-XuanTing-frameworks.sh\"\n";
			showEnvVarsInLog = 0;
		};
		EC17485ADB37126D1C5AF4BB /* [CP] Copy Pods Resources */ = {
			isa = PBXShellScriptBuildPhase;
			buildActionMask = 2147483647;
			files = (
			);
			inputPaths = (
			);
			name = "[CP] Copy Pods Resources";
			outputPaths = (
			);
			runOnlyForDeploymentPostprocessing = 0;
			shellPath = /bin/sh;
			shellScript = "\"${SRCROOT}/Pods/Target Support Files/Pods-XuanTing/Pods-XuanTing-resources.sh\"\n";
			showEnvVarsInLog = 0;
		};
/* End PBXShellScriptBuildPhase section */

/* Begin PBXSourcesBuildPhase section */
		E2CCB8A22015D7BD00E9ED4F /* Sources */ = {
			isa = PBXSourcesBuildPhase;
			buildActionMask = 2147483647;
			files = (
				E2CCB92C2017259C00E9ED4F /* PPLoadingView.m in Sources */,
				E2CCB8B92015D7BD00E9ED4F /* main.m in Sources */,
				E2CCB8EF2016076900E9ED4F /* XTContainerCell.m in Sources */,
				E2CCB923201719B500E9ED4F /* XTHomePageView.m in Sources */,
				E2CCB91520170AF200E9ED4F /* PPRefreshFooterControl.m in Sources */,
				E2CCB8FF201622ED00E9ED4F /* FirstTableViewController.m in Sources */,
				E2CCB9262017231200E9ED4F /* XTHomePageViewDataSource.m in Sources */,
				E2CCB8EA2016074A00E9ED4F /* XTDescptionCell.m in Sources */,
				E2CCB8AB2015D7BD00E9ED4F /* AppDelegate.m in Sources */,
				E2CCB90E20170A3C00E9ED4F /* XTTableViewDataSource.m in Sources */,
				E2CCB91220170AB800E9ED4F /* PPRefreshHeaderControl.m in Sources */,
				E2CCB8F6201607CB00E9ED4F /* XTSegmentView.m in Sources */,
				E2CCB91A20170E7800E9ED4F /* XTHomeTableViewDataSource.m in Sources */,
				E2CCB8E52016072900E9ED4F /* XTPosterCell.m in Sources */,
				E2CCB9202017135900E9ED4F /* XTTabPageView.m in Sources */,
				E2CCB91D2017131600E9ED4F /* XTScrollView.m in Sources */,
				E2CCB9052016230800E9ED4F /* ThirdTableViewController.m in Sources */,
				E2CCB8F92016083600E9ED4F /* HMSegmentedControl.m in Sources */,
				E2CCB8DE2015DAA800E9ED4F /* RootViewController.m in Sources */,
				E2CCB902201622FB00E9ED4F /* SecondTableViewController.m in Sources */,
				E2CCB8F32016079B00E9ED4F /* XTTableView.m in Sources */,
			);
			runOnlyForDeploymentPostprocessing = 0;
		};
		E2CCB8BA2015D7BD00E9ED4F /* Sources */ = {
			isa = PBXSourcesBuildPhase;
			buildActionMask = 2147483647;
			files = (
				E2CCB8C32015D7BD00E9ED4F /* XuanTingTests.m in Sources */,
			);
			runOnlyForDeploymentPostprocessing = 0;
		};
		E2CCB8C52015D7BD00E9ED4F /* Sources */ = {
			isa = PBXSourcesBuildPhase;
			buildActionMask = 2147483647;
			files = (
				E2CCB8CE2015D7BD00E9ED4F /* XuanTingUITests.m in Sources */,
			);
			runOnlyForDeploymentPostprocessing = 0;
		};
/* End PBXSourcesBuildPhase section */

/* Begin PBXTargetDependency section */
		E2CCB8C02015D7BD00E9ED4F /* PBXTargetDependency */ = {
			isa = PBXTargetDependency;
			target = E2CCB8A52015D7BD00E9ED4F /* XuanTing */;
			targetProxy = E2CCB8BF2015D7BD00E9ED4F /* PBXContainerItemProxy */;
		};
		E2CCB8CB2015D7BD00E9ED4F /* PBXTargetDependency */ = {
			isa = PBXTargetDependency;
			target = E2CCB8A52015D7BD00E9ED4F /* XuanTing */;
			targetProxy = E2CCB8CA2015D7BD00E9ED4F /* PBXContainerItemProxy */;
		};
/* End PBXTargetDependency section */

/* Begin PBXVariantGroup section */
		E2CCB8B42015D7BD00E9ED4F /* LaunchScreen.storyboard */ = {
			isa = PBXVariantGroup;
			children = (
				E2CCB8B52015D7BD00E9ED4F /* Base */,
			);
			name = LaunchScreen.storyboard;
			sourceTree = "<group>";
		};
/* End PBXVariantGroup section */

/* Begin XCBuildConfiguration section */
		E2CCB8D02015D7BD00E9ED4F /* Debug */ = {
			isa = XCBuildConfiguration;
			buildSettings = {
				ALWAYS_SEARCH_USER_PATHS = NO;
				CLANG_ANALYZER_NONNULL = YES;
				CLANG_ANALYZER_NUMBER_OBJECT_CONVERSION = YES_AGGRESSIVE;
				CLANG_CXX_LANGUAGE_STANDARD = "gnu++14";
				CLANG_CXX_LIBRARY = "libc++";
				CLANG_ENABLE_MODULES = YES;
				CLANG_ENABLE_OBJC_ARC = YES;
				CLANG_WARN_BLOCK_CAPTURE_AUTORELEASING = YES;
				CLANG_WARN_BOOL_CONVERSION = YES;
				CLANG_WARN_COMMA = YES;
				CLANG_WARN_CONSTANT_CONVERSION = YES;
				CLANG_WARN_DIRECT_OBJC_ISA_USAGE = YES_ERROR;
				CLANG_WARN_DOCUMENTATION_COMMENTS = YES;
				CLANG_WARN_EMPTY_BODY = YES;
				CLANG_WARN_ENUM_CONVERSION = YES;
				CLANG_WARN_INFINITE_RECURSION = YES;
				CLANG_WARN_INT_CONVERSION = YES;
				CLANG_WARN_NON_LITERAL_NULL_CONVERSION = YES;
				CLANG_WARN_OBJC_LITERAL_CONVERSION = YES;
				CLANG_WARN_OBJC_ROOT_CLASS = YES_ERROR;
				CLANG_WARN_RANGE_LOOP_ANALYSIS = YES;
				CLANG_WARN_STRICT_PROTOTYPES = YES;
				CLANG_WARN_SUSPICIOUS_MOVE = YES;
				CLANG_WARN_UNGUARDED_AVAILABILITY = YES_AGGRESSIVE;
				CLANG_WARN_UNREACHABLE_CODE = YES;
				CLANG_WARN__DUPLICATE_METHOD_MATCH = YES;
				CODE_SIGN_IDENTITY = "iPhone Developer";
				COPY_PHASE_STRIP = NO;
				DEBUG_INFORMATION_FORMAT = dwarf;
				ENABLE_STRICT_OBJC_MSGSEND = YES;
				ENABLE_TESTABILITY = YES;
				GCC_C_LANGUAGE_STANDARD = gnu11;
				GCC_DYNAMIC_NO_PIC = NO;
				GCC_NO_COMMON_BLOCKS = YES;
				GCC_OPTIMIZATION_LEVEL = 0;
				GCC_PREPROCESSOR_DEFINITIONS = (
					"DEBUG=1",
					"$(inherited)",
				);
				GCC_WARN_64_TO_32_BIT_CONVERSION = YES;
				GCC_WARN_ABOUT_RETURN_TYPE = YES_ERROR;
				GCC_WARN_UNDECLARED_SELECTOR = YES;
				GCC_WARN_UNINITIALIZED_AUTOS = YES_AGGRESSIVE;
				GCC_WARN_UNUSED_FUNCTION = YES;
				GCC_WARN_UNUSED_VARIABLE = YES;
				IPHONEOS_DEPLOYMENT_TARGET = 11.2;
				MTL_ENABLE_DEBUG_INFO = YES;
				ONLY_ACTIVE_ARCH = YES;
				SDKROOT = iphoneos;
			};
			name = Debug;
		};
		E2CCB8D12015D7BD00E9ED4F /* Release */ = {
			isa = XCBuildConfiguration;
			buildSettings = {
				ALWAYS_SEARCH_USER_PATHS = NO;
				CLANG_ANALYZER_NONNULL = YES;
				CLANG_ANALYZER_NUMBER_OBJECT_CONVERSION = YES_AGGRESSIVE;
				CLANG_CXX_LANGUAGE_STANDARD = "gnu++14";
				CLANG_CXX_LIBRARY = "libc++";
				CLANG_ENABLE_MODULES = YES;
				CLANG_ENABLE_OBJC_ARC = YES;
				CLANG_WARN_BLOCK_CAPTURE_AUTORELEASING = YES;
				CLANG_WARN_BOOL_CONVERSION = YES;
				CLANG_WARN_COMMA = YES;
				CLANG_WARN_CONSTANT_CONVERSION = YES;
				CLANG_WARN_DIRECT_OBJC_ISA_USAGE = YES_ERROR;
				CLANG_WARN_DOCUMENTATION_COMMENTS = YES;
				CLANG_WARN_EMPTY_BODY = YES;
				CLANG_WARN_ENUM_CONVERSION = YES;
				CLANG_WARN_INFINITE_RECURSION = YES;
				CLANG_WARN_INT_CONVERSION = YES;
				CLANG_WARN_NON_LITERAL_NULL_CONVERSION = YES;
				CLANG_WARN_OBJC_LITERAL_CONVERSION = YES;
				CLANG_WARN_OBJC_ROOT_CLASS = YES_ERROR;
				CLANG_WARN_RANGE_LOOP_ANALYSIS = YES;
				CLANG_WARN_STRICT_PROTOTYPES = YES;
				CLANG_WARN_SUSPICIOUS_MOVE = YES;
				CLANG_WARN_UNGUARDED_AVAILABILITY = YES_AGGRESSIVE;
				CLANG_WARN_UNREACHABLE_CODE = YES;
				CLANG_WARN__DUPLICATE_METHOD_MATCH = YES;
				CODE_SIGN_IDENTITY = "iPhone Developer";
				COPY_PHASE_STRIP = NO;
				DEBUG_INFORMATION_FORMAT = "dwarf-with-dsym";
				ENABLE_NS_ASSERTIONS = NO;
				ENABLE_STRICT_OBJC_MSGSEND = YES;
				GCC_C_LANGUAGE_STANDARD = gnu11;
				GCC_NO_COMMON_BLOCKS = YES;
				GCC_WARN_64_TO_32_BIT_CONVERSION = YES;
				GCC_WARN_ABOUT_RETURN_TYPE = YES_ERROR;
				GCC_WARN_UNDECLARED_SELECTOR = YES;
				GCC_WARN_UNINITIALIZED_AUTOS = YES_AGGRESSIVE;
				GCC_WARN_UNUSED_FUNCTION = YES;
				GCC_WARN_UNUSED_VARIABLE = YES;
				IPHONEOS_DEPLOYMENT_TARGET = 11.2;
				MTL_ENABLE_DEBUG_INFO = NO;
				SDKROOT = iphoneos;
				VALIDATE_PRODUCT = YES;
			};
			name = Release;
		};
		E2CCB8D32015D7BD00E9ED4F /* Debug */ = {
			isa = XCBuildConfiguration;
			baseConfigurationReference = 4BE1BE5296B28FFCCA4F595F /* Pods-XuanTing.debug.xcconfig */;
			buildSettings = {
				ASSETCATALOG_COMPILER_APPICON_NAME = AppIcon;
				CODE_SIGN_STYLE = Automatic;
				DEVELOPMENT_TEAM = 6AJP77DB44;
				INFOPLIST_FILE = XuanTing/Info.plist;
				IPHONEOS_DEPLOYMENT_TARGET = 9.0;
				LD_RUNPATH_SEARCH_PATHS = "$(inherited) @executable_path/Frameworks";
				PRODUCT_BUNDLE_IDENTIFIER = com.opsohkou2.app.XuanTing;
				PRODUCT_NAME = "$(TARGET_NAME)";
				TARGETED_DEVICE_FAMILY = "1,2";
			};
			name = Debug;
		};
		E2CCB8D42015D7BD00E9ED4F /* Release */ = {
			isa = XCBuildConfiguration;
			baseConfigurationReference = 61D832FD4294CAA736D2D0A0 /* Pods-XuanTing.release.xcconfig */;
			buildSettings = {
				ASSETCATALOG_COMPILER_APPICON_NAME = AppIcon;
				CODE_SIGN_STYLE = Automatic;
				DEVELOPMENT_TEAM = 6AJP77DB44;
				INFOPLIST_FILE = XuanTing/Info.plist;
				IPHONEOS_DEPLOYMENT_TARGET = 9.0;
				LD_RUNPATH_SEARCH_PATHS = "$(inherited) @executable_path/Frameworks";
				PRODUCT_BUNDLE_IDENTIFIER = com.opsohkou2.app.XuanTing;
				PRODUCT_NAME = "$(TARGET_NAME)";
				TARGETED_DEVICE_FAMILY = "1,2";
			};
			name = Release;
		};
		E2CCB8D62015D7BD00E9ED4F /* Debug */ = {
			isa = XCBuildConfiguration;
			buildSettings = {
				BUNDLE_LOADER = "$(TEST_HOST)";
				CODE_SIGN_STYLE = Automatic;
				INFOPLIST_FILE = XuanTingTests/Info.plist;
				LD_RUNPATH_SEARCH_PATHS = "$(inherited) @executable_path/Frameworks @loader_path/Frameworks";
				PRODUCT_BUNDLE_IDENTIFIER = com.opsohkou2.app.XuanTingTests;
				PRODUCT_NAME = "$(TARGET_NAME)";
				TARGETED_DEVICE_FAMILY = "1,2";
				TEST_HOST = "$(BUILT_PRODUCTS_DIR)/XuanTing.app/XuanTing";
			};
			name = Debug;
		};
		E2CCB8D72015D7BD00E9ED4F /* Release */ = {
			isa = XCBuildConfiguration;
			buildSettings = {
				BUNDLE_LOADER = "$(TEST_HOST)";
				CODE_SIGN_STYLE = Automatic;
				INFOPLIST_FILE = XuanTingTests/Info.plist;
				LD_RUNPATH_SEARCH_PATHS = "$(inherited) @executable_path/Frameworks @loader_path/Frameworks";
				PRODUCT_BUNDLE_IDENTIFIER = com.opsohkou2.app.XuanTingTests;
				PRODUCT_NAME = "$(TARGET_NAME)";
				TARGETED_DEVICE_FAMILY = "1,2";
				TEST_HOST = "$(BUILT_PRODUCTS_DIR)/XuanTing.app/XuanTing";
			};
			name = Release;
		};
		E2CCB8D92015D7BD00E9ED4F /* Debug */ = {
			isa = XCBuildConfiguration;
			buildSettings = {
				CODE_SIGN_STYLE = Automatic;
				INFOPLIST_FILE = XuanTingUITests/Info.plist;
				LD_RUNPATH_SEARCH_PATHS = "$(inherited) @executable_path/Frameworks @loader_path/Frameworks";
				PRODUCT_BUNDLE_IDENTIFIER = com.opsohkou2.app.XuanTingUITests;
				PRODUCT_NAME = "$(TARGET_NAME)";
				TARGETED_DEVICE_FAMILY = "1,2";
				TEST_TARGET_NAME = XuanTing;
			};
			name = Debug;
		};
		E2CCB8DA2015D7BD00E9ED4F /* Release */ = {
			isa = XCBuildConfiguration;
			buildSettings = {
				CODE_SIGN_STYLE = Automatic;
				INFOPLIST_FILE = XuanTingUITests/Info.plist;
				LD_RUNPATH_SEARCH_PATHS = "$(inherited) @executable_path/Frameworks @loader_path/Frameworks";
				PRODUCT_BUNDLE_IDENTIFIER = com.opsohkou2.app.XuanTingUITests;
				PRODUCT_NAME = "$(TARGET_NAME)";
				TARGETED_DEVICE_FAMILY = "1,2";
				TEST_TARGET_NAME = XuanTing;
			};
			name = Release;
		};
/* End XCBuildConfiguration section */

/* Begin XCConfigurationList section */
		E2CCB8A12015D7BD00E9ED4F /* Build configuration list for PBXProject "XuanTing" */ = {
			isa = XCConfigurationList;
			buildConfigurations = (
				E2CCB8D02015D7BD00E9ED4F /* Debug */,
				E2CCB8D12015D7BD00E9ED4F /* Release */,
			);
			defaultConfigurationIsVisible = 0;
			defaultConfigurationName = Release;
		};
		E2CCB8D22015D7BD00E9ED4F /* Build configuration list for PBXNativeTarget "XuanTing" */ = {
			isa = XCConfigurationList;
			buildConfigurations = (
				E2CCB8D32015D7BD00E9ED4F /* Debug */,
				E2CCB8D42015D7BD00E9ED4F /* Release */,
			);
			defaultConfigurationIsVisible = 0;
			defaultConfigurationName = Release;
		};
		E2CCB8D52015D7BD00E9ED4F /* Build configuration list for PBXNativeTarget "XuanTingTests" */ = {
			isa = XCConfigurationList;
			buildConfigurations = (
				E2CCB8D62015D7BD00E9ED4F /* Debug */,
				E2CCB8D72015D7BD00E9ED4F /* Release */,
			);
			defaultConfigurationIsVisible = 0;
			defaultConfigurationName = Release;
		};
		E2CCB8D82015D7BD00E9ED4F /* Build configuration list for PBXNativeTarget "XuanTingUITests" */ = {
			isa = XCConfigurationList;
			buildConfigurations = (
				E2CCB8D92015D7BD00E9ED4F /* Debug */,
				E2CCB8DA2015D7BD00E9ED4F /* Release */,
			);
			defaultConfigurationIsVisible = 0;
			defaultConfigurationName = Release;
		};
/* End XCConfigurationList section */
	};
	rootObject = E2CCB89E2015D7BD00E9ED4F /* Project object */;
}
